Mirror in progress since Tue, 07 Feb 2023 14:05:21 .. please wait!
httrack -iC1 -iC2 https://forums.kicksecure.com -www.kicksecure.com/* -forums.kicksecure.com/privacy -forums.kicksecure.com/tos -forums.kicksecure.com/u/* -forum.kicksecure.com/* -i2pdeb.kicksecure.com/* -phabricator.kicksecure.com/* -download.kicksecure.com/* -deb.kicksecure.com/* -mail.kicksecure.com/* -rsync.kicksecure.com/* -us.kicksecure.com/* -de.kicksecure.com/* -en.kicksecure.com/* -blog.kicksecure.com/* -mirror.kicksecure.com/* -O /var/backup/kicksecure-discourse-html-backup -%F  -F "Mozilla/5.0 (compatible; Googlebot/2.1; +http://www.google.com/bot.html)" -x -o -d 
To pause the engine: create an empty file named 'hts-stop.lock'
PID=979931
UID=33
GID=33
START=1675778721
